
Microsoft Visual Studio Solution File, Format Version 12.00
# Visual Studio 14
VisualStudioVersion = 14.0.25123.0
MinimumVisualStudioVersion = 10.0.40219.1
Project("{FAE04EC0-301F-11D3-BF4B-00C04F79EFBC}") = "FinalExam", "FinalExam\FinalExam.csproj", "{28D595F4-05F1-4F20-9C5E-644199A5AD63}"
EndProject
Project("{2150E333-8FDC-42A3-9474-1A3956D46DE8}") = "Solution Items", "Solution Items", "{3F83AD9B-921E-49B6-B165-AADDECCC4B52}"
	ProjectSection(SolutionItems) = preProject
		..\..\..\..\Desktop\1102137209劉軒含.docx = ..\..\..\..\Desktop\1102137209劉軒含.docx
	EndProjectSection
EndProject
Global
	GlobalSection(SolutionConfigurationPlatforms) = preSolution
		Debug|Any CPU = Debug|Any CPU
		Release|Any CPU = Release|Any CPU
	EndGlobalSection
	GlobalSection(ProjectConfigurationPlatforms) = postSolution
		{28D595F4-05F1-4F20-9C5E-644199A5AD63}.Debug|Any CPU.ActiveCfg = Debug|Any CPU
		{28D595F4-05F1-4F20-9C5E-644199A5AD63}.Debug|Any CPU.Build.0 = Debug|Any CPU
		{28D595F4-05F1-4F20-9C5E-644199A5AD63}.Release|Any CPU.ActiveCfg = Release|Any CPU
		{28D595F4-05F1-4F20-9C5E-644199A5AD63}.Release|Any CPU.Build.0 = Release|Any CPU
	EndGlobalSection
	GlobalSection(SolutionProperties) = preSolution
		HideSolutionNode = FALSE
	EndGlobalSection
EndGlobal
